{
  "nodes": {
    "agda-stdlib": {
      "flake": false,
      "locked": {
        "lastModified": 1654025879,
        "narHash": "sha256-DEKjQlHMkNUDFXsWY7dIUFj3V/LmAyi8rzzUV395q5E=",
        "owner": "agda",
        "repo": "agda-stdlib",
        "rev": "95270b78d8d6ded67fcdf94095a056a0245de547",
        "type": "github"
      },
      "original": {
        "owner": "agda",
        "repo": "agda-stdlib",
        "type": "github"
      }
    },
    "nixpkgs": {
      "locked": {
        "lastModified": 1655273078,
        "narHash": "sha256-jlcD35mFKn7CQHUgUa0E79QrS5+5A+/Gh3BI2y/PC3U=",
        "owner": "NixOS",
        "repo": "nixpkgs",
        "rev": "29399e5ad1660668b61247c99894fc2fb97b4e74",
        "type": "github"
      },
      "original": {
        "owner": "NixOS",
        "ref": "nixpkgs-unstable",
        "repo": "nixpkgs",
        "type": "github"
      }
    },
    "root": {
      "inputs": {
        "agda-stdlib": "agda-stdlib",
        "nixpkgs": "nixpkgs"
      }
    }
  },
  "root": "root",
  "version": 7
}
